# This file is automatically @generated by Cargo.
# It is not intended for manual editing.
version = 3

[[package]]
name = "async-stylle"
version = "0.1.0"
dependencies = [
 "futures",
 "futures-cpupool",
]

[[package]]
name = "futures"
version = "0.1.31"
source = "registry+https://github.com/rust-lang/crates.io-index"
checksum = "3a471a38ef8ed83cd6e40aa59c1ffe17db6855c18e3604d9c4ed8c08ebc28678"

[[package]]
name = "futures-cpupool"
version = "0.1.8"
source = "registry+https://github.com/rust-lang/crates.io-index"
checksum = "ab90cde24b3319636588d0c35fe03b1333857621051837ed769faefb4c2162e4"
dependencies = [
 "futures",
 "num_cpus",
]

[[package]]
name = "hermit-abi"
version = "0.1.19"
source = "registry+https://github.com/rust-lang/crates.io-index"
checksum = "62b467343b94ba476dcb2500d242dadbb39557df889310ac77c5d99100aaac33"
dependencies = [
 "libc",
]

[[package]]
name = "libc"
version = "0.2.126"
source = "registry+https://github.com/rust-lang/crates.io-index"
checksum = "349d5a591cd28b49e1d1037471617a32ddcda5731b99419008085f72d5a53836"

[[package]]
name = "num_cpus"
version = "1.13.1"
source = "registry+https://github.com/rust-lang/crates.io-index"
checksum = "19e64526ebdee182341572e50e9ad03965aa510cd94427a4549448f285e957a1"
dependencies = [
 "hermit-abi",
 "libc",
]
